
Microsoft Visual Studio Solution File, Format Version 12.00
# Visual Studio Version 17
VisualStudioVersion = 17.11.35303.130
MinimumVisualStudioVersion = 10.0.40219.1
Project("{8BC9CEB8-8B4A-11D0-8D11-00A0C91BC942}") = "frC", "frC\frC.vcxproj", "{2F2F4757-7238-41F0-A15D-F52FFDB415C8}"
EndProject
Global
	GlobalSection(SolutionConfigurationPlatforms) = preSolution
		Debug|x64 = Debug|x64
		Release|x64 = Release|x64
	EndGlobalSection
	GlobalSection(ProjectConfigurationPlatforms) = postSolution
		{2F2F4757-7238-41F0-A15D-F52FFDB415C8}.Debug|x64.ActiveCfg = Debug|x64
		{2F2F4757-7238-41F0-A15D-F52FFDB415C8}.Debug|x64.Build.0 = Debug|x64
		{2F2F4757-7238-41F0-A15D-F52FFDB415C8}.Release|x64.ActiveCfg = Release|x64
		{2F2F4757-7238-41F0-A15D-F52FFDB415C8}.Release|x64.Build.0 = Release|x64
	EndGlobalSection
	GlobalSection(SolutionProperties) = preSolution
		HideSolutionNode = FALSE
	EndGlobalSection
	GlobalSection(ExtensibilityGlobals) = postSolution
		SolutionGuid = {CA4C0BC8-842F-4585-9A3B-27D7F79A8A82}
	EndGlobalSection
EndGlobal
